# @generated by Move, please check-in and do not edit manually.

[move]
version = 3
manifest_digest = "54913B66144121DF74368748DDFDC9A51CA4A6000969DC0C0F884C7B11BF08A1"
deps_digest = "F8BBB0CCB2491CA29A3DF03D6F92277A4F3574266507ACD77214D37ECA3F3082"
dependencies = [
  { id = "Sui", name = "Sui" },
]

[[move.package]]
id = "MoveStdlib"
source = { git = "https://github.com/MystenLabs/sui.git", rev = "framework/testnet", subdir = "crates/sui-framework/packages/move-stdlib" }

[[move.package]]
id = "Sui"
source = { git = "https://github.com/MystenLabs/sui.git", rev = "framework/testnet", subdir = "crates/sui-framework/packages/sui-framework" }

dependencies = [
  { id = "MoveStdlib", name = "MoveStdlib" },
]

[move.toolchain-version]
compiler-version = "1.41.1"
edition = "2024.beta"
flavor = "sui"

[env]

[env.testnet]
chain-id = "4c78adac"
original-published-id = "0xb1243574224d48b52b61e5a0b819d3081889bc6614731b41360b037e23ed6d7f"
latest-published-id = "0xb1243574224d48b52b61e5a0b819d3081889bc6614731b41360b037e23ed6d7f"
published-version = "1"
